{
  "name": "@marttinn/screenshotter",
  "version": "0.1.0",
  "lockfileVersion": 3,
  "requires": true,
  "packages": {
    "": {
      "name": "@marttinn/screenshotter",
      "version": "0.1.0",
      "license": "MIT",
      "bin": {
        "screenshotter": "bin/screenshotter.mjs",
        "screenshotter-mcp": "bin/screenshotter-mcp.mjs"
      },
      "engines": {
        "node": ">=20"
      }
    }
  }
}
